
Microsoft Visual Studio Solution File, Format Version 12.00
# Visual Studio Version 16
VisualStudioVersion = 16.0.29009.5
MinimumVisualStudioVersion = 10.0.40219.1
Project("{9A19103F-16F7-4668-BE54-9A1E7A4F7556}") = "IdempotentAPI", "IdempotentAPI\IdempotentAPI.csproj", "{0AF24F27-187D-4060-A083-78A299DC7BC9}"
EndProject
Project("{FAE04EC0-301F-11D3-BF4B-00C04F79EFBC}") = "IdempotentAPI.xUnit", "IdempotentAPI.xUnit\IdempotentAPI.xUnit.csproj", "{415BF5AD-9784-4517-87EA-B7186887C21C}"
EndProject
Global
	GlobalSection(SolutionConfigurationPlatforms) = preSolution
		Debug|Any CPU = Debug|Any CPU
		Release|Any CPU = Release|Any CPU
	EndGlobalSection
	GlobalSection(ProjectConfigurationPlatforms) = postSolution
		{0AF24F27-187D-4060-A083-78A299DC7BC9}.Debug|Any CPU.ActiveCfg = Debug|Any CPU
		{0AF24F27-187D-4060-A083-78A299DC7BC9}.Debug|Any CPU.Build.0 = Debug|Any CPU
		{0AF24F27-187D-4060-A083-78A299DC7BC9}.Release|Any CPU.ActiveCfg = Release|Any CPU
		{0AF24F27-187D-4060-A083-78A299DC7BC9}.Release|Any CPU.Build.0 = Release|Any CPU
		{415BF5AD-9784-4517-87EA-B7186887C21C}.Debug|Any CPU.ActiveCfg = Debug|Any CPU
		{415BF5AD-9784-4517-87EA-B7186887C21C}.Debug|Any CPU.Build.0 = Debug|Any CPU
		{415BF5AD-9784-4517-87EA-B7186887C21C}.Release|Any CPU.ActiveCfg = Release|Any CPU
		{415BF5AD-9784-4517-87EA-B7186887C21C}.Release|Any CPU.Build.0 = Release|Any CPU
	EndGlobalSection
	GlobalSection(SolutionProperties) = preSolution
		HideSolutionNode = FALSE
	EndGlobalSection
	GlobalSection(ExtensibilityGlobals) = postSolution
		SolutionGuid = {0865C8C6-957E-4E70-A784-8EBC2282E4AB}
	EndGlobalSection
EndGlobal
