
Microsoft Visual Studio Solution File, Format Version 12.00
# Visual Studio Version 17
VisualStudioVersion = 17.1.32104.313
MinimumVisualStudioVersion = 10.0.40219.1
Project("{9A19103F-16F7-4668-BE54-9A1E7A4F7556}") = "IdempotentAPI", "src\IdempotentAPI\IdempotentAPI.csproj", "{0AF24F27-187D-4060-A083-78A299DC7BC9}"
EndProject
Project("{9A19103F-16F7-4668-BE54-9A1E7A4F7556}") = "IdempotentAPI.Tests", "tests\IdempotentAPI.Tests.csproj", "{415BF5AD-9784-4517-87EA-B7186887C21C}"
EndProject
Project("{2150E333-8FDC-42A3-9474-1A3956D46DE8}") = "Solution Items", "Solution Items", "{053C145E-FE79-4021-999E-B28958B765FF}"
	ProjectSection(SolutionItems) = preProject
		CHANGELOG.md = CHANGELOG.md
		README.md = README.md
	EndProjectSection
EndProject
Project("{9A19103F-16F7-4668-BE54-9A1E7A4F7556}") = "IdempotentAPI.Cache", "src\IdempotentAPI.Cache\IdempotentAPI.Cache.csproj", "{E35A2C63-533F-4A3E-9086-CDD5CA200587}"
EndProject
Project("{9A19103F-16F7-4668-BE54-9A1E7A4F7556}") = "IdempotentAPI.Cache.FusionCache", "src\IdempotentAPI.Cache.FusionCache\IdempotentAPI.Cache.FusionCache.csproj", "{574CCE29-9EC4-4490-92DF-50526F4C69DA}"
EndProject
Project("{9A19103F-16F7-4668-BE54-9A1E7A4F7556}") = "IdempotentAPI.Cache.DistributedCache", "src\IdempotentAPI.Cache.DistributedCache\IdempotentAPI.Cache.DistributedCache.csproj", "{685A12B9-8EC9-4600-BD71-4B81FA2E2C9C}"
EndProject
Global
	GlobalSection(SolutionConfigurationPlatforms) = preSolution
		Debug|Any CPU = Debug|Any CPU
		Release|Any CPU = Release|Any CPU
	EndGlobalSection
	GlobalSection(ProjectConfigurationPlatforms) = postSolution
		{0AF24F27-187D-4060-A083-78A299DC7BC9}.Debug|Any CPU.ActiveCfg = Debug|Any CPU
		{0AF24F27-187D-4060-A083-78A299DC7BC9}.Debug|Any CPU.Build.0 = Debug|Any CPU
		{0AF24F27-187D-4060-A083-78A299DC7BC9}.Release|Any CPU.ActiveCfg = Release|Any CPU
		{0AF24F27-187D-4060-A083-78A299DC7BC9}.Release|Any CPU.Build.0 = Release|Any CPU
		{415BF5AD-9784-4517-87EA-B7186887C21C}.Debug|Any CPU.ActiveCfg = Debug|Any CPU
		{415BF5AD-9784-4517-87EA-B7186887C21C}.Debug|Any CPU.Build.0 = Debug|Any CPU
		{415BF5AD-9784-4517-87EA-B7186887C21C}.Release|Any CPU.ActiveCfg = Release|Any CPU
		{415BF5AD-9784-4517-87EA-B7186887C21C}.Release|Any CPU.Build.0 = Release|Any CPU
		{E35A2C63-533F-4A3E-9086-CDD5CA200587}.Debug|Any CPU.ActiveCfg = Debug|Any CPU
		{E35A2C63-533F-4A3E-9086-CDD5CA200587}.Debug|Any CPU.Build.0 = Debug|Any CPU
		{E35A2C63-533F-4A3E-9086-CDD5CA200587}.Release|Any CPU.ActiveCfg = Release|Any CPU
		{E35A2C63-533F-4A3E-9086-CDD5CA200587}.Release|Any CPU.Build.0 = Release|Any CPU
		{574CCE29-9EC4-4490-92DF-50526F4C69DA}.Debug|Any CPU.ActiveCfg = Debug|Any CPU
		{574CCE29-9EC4-4490-92DF-50526F4C69DA}.Debug|Any CPU.Build.0 = Debug|Any CPU
		{574CCE29-9EC4-4490-92DF-50526F4C69DA}.Release|Any CPU.ActiveCfg = Release|Any CPU
		{574CCE29-9EC4-4490-92DF-50526F4C69DA}.Release|Any CPU.Build.0 = Release|Any CPU
		{685A12B9-8EC9-4600-BD71-4B81FA2E2C9C}.Debug|Any CPU.ActiveCfg = Debug|Any CPU
		{685A12B9-8EC9-4600-BD71-4B81FA2E2C9C}.Debug|Any CPU.Build.0 = Debug|Any CPU
		{685A12B9-8EC9-4600-BD71-4B81FA2E2C9C}.Release|Any CPU.ActiveCfg = Release|Any CPU
		{685A12B9-8EC9-4600-BD71-4B81FA2E2C9C}.Release|Any CPU.Build.0 = Release|Any CPU
	EndGlobalSection
	GlobalSection(SolutionProperties) = preSolution
		HideSolutionNode = FALSE
	EndGlobalSection
	GlobalSection(ExtensibilityGlobals) = postSolution
		SolutionGuid = {0865C8C6-957E-4E70-A784-8EBC2282E4AB}
	EndGlobalSection
EndGlobal
