
Microsoft Visual Studio Solution File, Format Version 12.00
# Visual Studio Version 17
VisualStudioVersion = 17.1.32104.313
MinimumVisualStudioVersion = 10.0.40219.1
Project("{9A19103F-16F7-4668-BE54-9A1E7A4F7556}") = "IdempotentAPI", "src\IdempotentAPI\IdempotentAPI.csproj", "{0AF24F27-187D-4060-A083-78A299DC7BC9}"
EndProject
Project("{9A19103F-16F7-4668-BE54-9A1E7A4F7556}") = "IdempotentAPI.UnitTests", "tests\IdempotentAPI.UnitTests\IdempotentAPI.UnitTests.csproj", "{415BF5AD-9784-4517-87EA-B7186887C21C}"
EndProject
Project("{2150E333-8FDC-42A3-9474-1A3956D46DE8}") = "Solution Items", "Solution Items", "{053C145E-FE79-4021-999E-B28958B765FF}"
	ProjectSection(SolutionItems) = preProject
		CHANGELOG.md = CHANGELOG.md
		README.md = README.md
	EndProjectSection
EndProject
Project("{9A19103F-16F7-4668-BE54-9A1E7A4F7556}") = "IdempotentAPI.Cache.Abstractions", "src\IdempotentAPI.Cache.Abstractions\IdempotentAPI.Cache.Abstractions.csproj", "{E35A2C63-533F-4A3E-9086-CDD5CA200587}"
EndProject
Project("{9A19103F-16F7-4668-BE54-9A1E7A4F7556}") = "IdempotentAPI.Cache.FusionCache", "src\IdempotentAPI.Cache.FusionCache\IdempotentAPI.Cache.FusionCache.csproj", "{574CCE29-9EC4-4490-92DF-50526F4C69DA}"
EndProject
Project("{9A19103F-16F7-4668-BE54-9A1E7A4F7556}") = "IdempotentAPI.Cache.DistributedCache", "src\IdempotentAPI.Cache.DistributedCache\IdempotentAPI.Cache.DistributedCache.csproj", "{685A12B9-8EC9-4600-BD71-4B81FA2E2C9C}"
EndProject
Project("{9A19103F-16F7-4668-BE54-9A1E7A4F7556}") = "IdempotentAPI.AccessCache", "src\IdempotentAPI.AccessCache\IdempotentAPI.AccessCache.csproj", "{DFBA7897-AE1E-4541-A42B-71BBC8804B73}"
EndProject
Project("{9A19103F-16F7-4668-BE54-9A1E7A4F7556}") = "IdempotentAPI.DistributedAccessLock.Abstractions", "src\IdempotentAPI.DistributedAccessLock.Abstractions\IdempotentAPI.DistributedAccessLock.Abstractions.csproj", "{B5F8960C-1A28-45E9-928D-5B4518F9E36B}"
EndProject
Project("{9A19103F-16F7-4668-BE54-9A1E7A4F7556}") = "IdempotentAPI.DistributedAccessLock.RedLockNet", "src\IdempotentAPI.DistributedAccessLock.RedLockNet\IdempotentAPI.DistributedAccessLock.RedLockNet.csproj", "{A04F243D-DA2F-4554-9397-3421B48982AD}"
EndProject
Project("{9A19103F-16F7-4668-BE54-9A1E7A4F7556}") = "IdempotentAPI.DistributedAccessLock.MadelsonDistributedLock", "src\IdempotentAPI.DistributedAccessLock.MadelsonDistributedLock\IdempotentAPI.DistributedAccessLock.MadelsonDistributedLock.csproj", "{37EF5706-A7E9-46E0-BA66-1736B64380B0}"
EndProject
Project("{2150E333-8FDC-42A3-9474-1A3956D46DE8}") = "src", "src", "{DD1EA88C-81B6-47D8-B8B6-58AC2DE1BFE7}"
EndProject
Project("{2150E333-8FDC-42A3-9474-1A3956D46DE8}") = "tests", "tests", "{B0CA0D1D-3C22-4935-8467-310509EDB755}"
EndProject
Project("{9A19103F-16F7-4668-BE54-9A1E7A4F7556}") = "IdempotentAPI.IntegrationTests", "tests\IdempotentAPI.IntegrationTests\IdempotentAPI.IntegrationTests.csproj", "{63F0BB18-3CCA-46F8-ACA1-F3B6EC05CE5B}"
EndProject
Project("{9A19103F-16F7-4668-BE54-9A1E7A4F7556}") = "IdempotentAPI.TestWebAPIs", "tests\IdempotentAPI.TestWebAPIs\IdempotentAPI.TestWebAPIs.csproj", "{4AAAD479-EEA2-4B9C-8709-6DD0CA1574EE}"
EndProject
Project("{2150E333-8FDC-42A3-9474-1A3956D46DE8}") = ".github", ".github", "{9221FD4F-D7F9-40D1-AD36-D59B1C26C487}"
EndProject
Project("{2150E333-8FDC-42A3-9474-1A3956D46DE8}") = "workflows", "workflows", "{568F2BE6-17A9-451E-90E8-BE1F727BEC35}"
	ProjectSection(SolutionItems) = preProject
		.github\workflows\ci.yaml = .github\workflows\ci.yaml
	EndProjectSection
EndProject
Project("{9A19103F-16F7-4668-BE54-9A1E7A4F7556}") = "IdempotentAPI.TestWebMinimalAPIs", "tests\IdempotentAPI.TestWebMinimalAPIs\IdempotentAPI.TestWebMinimalAPIs.csproj", "{5DA6F50E-F41A-43BB-A584-82C6B49A24B3}"
EndProject
Project("{FAE04EC0-301F-11D3-BF4B-00C04F79EFBC}") = "IdempotentAPI.MinimalAPI", "src\IdempotentAPI.MinimalAPI\IdempotentAPI.MinimalAPI.csproj", "{165B191F-F219-467C-844B-D470228D6DA3}"
EndProject
Global
	GlobalSection(SolutionConfigurationPlatforms) = preSolution
		Debug|Any CPU = Debug|Any CPU
		Release|Any CPU = Release|Any CPU
	EndGlobalSection
	GlobalSection(ProjectConfigurationPlatforms) = postSolution
		{0AF24F27-187D-4060-A083-78A299DC7BC9}.Debug|Any CPU.ActiveCfg = Debug|Any CPU
		{0AF24F27-187D-4060-A083-78A299DC7BC9}.Debug|Any CPU.Build.0 = Debug|Any CPU
		{0AF24F27-187D-4060-A083-78A299DC7BC9}.Release|Any CPU.ActiveCfg = Release|Any CPU
		{0AF24F27-187D-4060-A083-78A299DC7BC9}.Release|Any CPU.Build.0 = Release|Any CPU
		{415BF5AD-9784-4517-87EA-B7186887C21C}.Debug|Any CPU.ActiveCfg = Debug|Any CPU
		{415BF5AD-9784-4517-87EA-B7186887C21C}.Debug|Any CPU.Build.0 = Debug|Any CPU
		{415BF5AD-9784-4517-87EA-B7186887C21C}.Release|Any CPU.ActiveCfg = Release|Any CPU
		{415BF5AD-9784-4517-87EA-B7186887C21C}.Release|Any CPU.Build.0 = Release|Any CPU
		{E35A2C63-533F-4A3E-9086-CDD5CA200587}.Debug|Any CPU.ActiveCfg = Debug|Any CPU
		{E35A2C63-533F-4A3E-9086-CDD5CA200587}.Debug|Any CPU.Build.0 = Debug|Any CPU
		{E35A2C63-533F-4A3E-9086-CDD5CA200587}.Release|Any CPU.ActiveCfg = Release|Any CPU
		{E35A2C63-533F-4A3E-9086-CDD5CA200587}.Release|Any CPU.Build.0 = Release|Any CPU
		{574CCE29-9EC4-4490-92DF-50526F4C69DA}.Debug|Any CPU.ActiveCfg = Debug|Any CPU
		{574CCE29-9EC4-4490-92DF-50526F4C69DA}.Debug|Any CPU.Build.0 = Debug|Any CPU
		{574CCE29-9EC4-4490-92DF-50526F4C69DA}.Release|Any CPU.ActiveCfg = Release|Any CPU
		{574CCE29-9EC4-4490-92DF-50526F4C69DA}.Release|Any CPU.Build.0 = Release|Any CPU
		{685A12B9-8EC9-4600-BD71-4B81FA2E2C9C}.Debug|Any CPU.ActiveCfg = Debug|Any CPU
		{685A12B9-8EC9-4600-BD71-4B81FA2E2C9C}.Debug|Any CPU.Build.0 = Debug|Any CPU
		{685A12B9-8EC9-4600-BD71-4B81FA2E2C9C}.Release|Any CPU.ActiveCfg = Release|Any CPU
		{685A12B9-8EC9-4600-BD71-4B81FA2E2C9C}.Release|Any CPU.Build.0 = Release|Any CPU
		{DFBA7897-AE1E-4541-A42B-71BBC8804B73}.Debug|Any CPU.ActiveCfg = Debug|Any CPU
		{DFBA7897-AE1E-4541-A42B-71BBC8804B73}.Debug|Any CPU.Build.0 = Debug|Any CPU
		{DFBA7897-AE1E-4541-A42B-71BBC8804B73}.Release|Any CPU.ActiveCfg = Release|Any CPU
		{DFBA7897-AE1E-4541-A42B-71BBC8804B73}.Release|Any CPU.Build.0 = Release|Any CPU
		{B5F8960C-1A28-45E9-928D-5B4518F9E36B}.Debug|Any CPU.ActiveCfg = Debug|Any CPU
		{B5F8960C-1A28-45E9-928D-5B4518F9E36B}.Debug|Any CPU.Build.0 = Debug|Any CPU
		{B5F8960C-1A28-45E9-928D-5B4518F9E36B}.Release|Any CPU.ActiveCfg = Release|Any CPU
		{B5F8960C-1A28-45E9-928D-5B4518F9E36B}.Release|Any CPU.Build.0 = Release|Any CPU
		{A04F243D-DA2F-4554-9397-3421B48982AD}.Debug|Any CPU.ActiveCfg = Debug|Any CPU
		{A04F243D-DA2F-4554-9397-3421B48982AD}.Debug|Any CPU.Build.0 = Debug|Any CPU
		{A04F243D-DA2F-4554-9397-3421B48982AD}.Release|Any CPU.ActiveCfg = Release|Any CPU
		{A04F243D-DA2F-4554-9397-3421B48982AD}.Release|Any CPU.Build.0 = Release|Any CPU
		{37EF5706-A7E9-46E0-BA66-1736B64380B0}.Debug|Any CPU.ActiveCfg = Debug|Any CPU
		{37EF5706-A7E9-46E0-BA66-1736B64380B0}.Debug|Any CPU.Build.0 = Debug|Any CPU
		{37EF5706-A7E9-46E0-BA66-1736B64380B0}.Release|Any CPU.ActiveCfg = Release|Any CPU
		{37EF5706-A7E9-46E0-BA66-1736B64380B0}.Release|Any CPU.Build.0 = Release|Any CPU
		{63F0BB18-3CCA-46F8-ACA1-F3B6EC05CE5B}.Debug|Any CPU.ActiveCfg = Debug|Any CPU
		{63F0BB18-3CCA-46F8-ACA1-F3B6EC05CE5B}.Debug|Any CPU.Build.0 = Debug|Any CPU
		{63F0BB18-3CCA-46F8-ACA1-F3B6EC05CE5B}.Release|Any CPU.ActiveCfg = Release|Any CPU
		{63F0BB18-3CCA-46F8-ACA1-F3B6EC05CE5B}.Release|Any CPU.Build.0 = Release|Any CPU
		{4AAAD479-EEA2-4B9C-8709-6DD0CA1574EE}.Debug|Any CPU.ActiveCfg = Debug|Any CPU
		{4AAAD479-EEA2-4B9C-8709-6DD0CA1574EE}.Debug|Any CPU.Build.0 = Debug|Any CPU
		{4AAAD479-EEA2-4B9C-8709-6DD0CA1574EE}.Release|Any CPU.ActiveCfg = Release|Any CPU
		{4AAAD479-EEA2-4B9C-8709-6DD0CA1574EE}.Release|Any CPU.Build.0 = Release|Any CPU
		{5DA6F50E-F41A-43BB-A584-82C6B49A24B3}.Debug|Any CPU.ActiveCfg = Debug|Any CPU
		{5DA6F50E-F41A-43BB-A584-82C6B49A24B3}.Debug|Any CPU.Build.0 = Debug|Any CPU
		{5DA6F50E-F41A-43BB-A584-82C6B49A24B3}.Release|Any CPU.ActiveCfg = Release|Any CPU
		{5DA6F50E-F41A-43BB-A584-82C6B49A24B3}.Release|Any CPU.Build.0 = Release|Any CPU
		{165B191F-F219-467C-844B-D470228D6DA3}.Debug|Any CPU.ActiveCfg = Debug|Any CPU
		{165B191F-F219-467C-844B-D470228D6DA3}.Debug|Any CPU.Build.0 = Debug|Any CPU
		{165B191F-F219-467C-844B-D470228D6DA3}.Release|Any CPU.ActiveCfg = Release|Any CPU
		{165B191F-F219-467C-844B-D470228D6DA3}.Release|Any CPU.Build.0 = Release|Any CPU
	EndGlobalSection
	GlobalSection(SolutionProperties) = preSolution
		HideSolutionNode = FALSE
	EndGlobalSection
	GlobalSection(NestedProjects) = preSolution
		{0AF24F27-187D-4060-A083-78A299DC7BC9} = {DD1EA88C-81B6-47D8-B8B6-58AC2DE1BFE7}
		{415BF5AD-9784-4517-87EA-B7186887C21C} = {B0CA0D1D-3C22-4935-8467-310509EDB755}
		{E35A2C63-533F-4A3E-9086-CDD5CA200587} = {DD1EA88C-81B6-47D8-B8B6-58AC2DE1BFE7}
		{574CCE29-9EC4-4490-92DF-50526F4C69DA} = {DD1EA88C-81B6-47D8-B8B6-58AC2DE1BFE7}
		{685A12B9-8EC9-4600-BD71-4B81FA2E2C9C} = {DD1EA88C-81B6-47D8-B8B6-58AC2DE1BFE7}
		{DFBA7897-AE1E-4541-A42B-71BBC8804B73} = {DD1EA88C-81B6-47D8-B8B6-58AC2DE1BFE7}
		{B5F8960C-1A28-45E9-928D-5B4518F9E36B} = {DD1EA88C-81B6-47D8-B8B6-58AC2DE1BFE7}
		{A04F243D-DA2F-4554-9397-3421B48982AD} = {DD1EA88C-81B6-47D8-B8B6-58AC2DE1BFE7}
		{37EF5706-A7E9-46E0-BA66-1736B64380B0} = {DD1EA88C-81B6-47D8-B8B6-58AC2DE1BFE7}
		{63F0BB18-3CCA-46F8-ACA1-F3B6EC05CE5B} = {B0CA0D1D-3C22-4935-8467-310509EDB755}
		{4AAAD479-EEA2-4B9C-8709-6DD0CA1574EE} = {B0CA0D1D-3C22-4935-8467-310509EDB755}
		{568F2BE6-17A9-451E-90E8-BE1F727BEC35} = {9221FD4F-D7F9-40D1-AD36-D59B1C26C487}
		{5DA6F50E-F41A-43BB-A584-82C6B49A24B3} = {B0CA0D1D-3C22-4935-8467-310509EDB755}
		{165B191F-F219-467C-844B-D470228D6DA3} = {DD1EA88C-81B6-47D8-B8B6-58AC2DE1BFE7}
	EndGlobalSection
	GlobalSection(ExtensibilityGlobals) = postSolution
		SolutionGuid = {0865C8C6-957E-4E70-A784-8EBC2282E4AB}
	EndGlobalSection
EndGlobal
