
Microsoft Visual Studio Solution File, Format Version 12.00
# Visual Studio Version 16
VisualStudioVersion = 16.0.31320.298
MinimumVisualStudioVersion = 10.0.40219.1
Project("{FAE04EC0-301F-11D3-BF4B-00C04F79EFBC}") = "WebApi_3_1", "WebApi_3_1\WebApi_3_1.csproj", "{28300362-ACAA-4204-829F-658A279F524A}"
EndProject
Global
	GlobalSection(SolutionConfigurationPlatforms) = preSolution
		Debug|Any CPU = Debug|Any CPU
		Release|Any CPU = Release|Any CPU
	EndGlobalSection
	GlobalSection(ProjectConfigurationPlatforms) = postSolution
		{28300362-ACAA-4204-829F-658A279F524A}.Debug|Any CPU.ActiveCfg = Debug|Any CPU
		{28300362-ACAA-4204-829F-658A279F524A}.Debug|Any CPU.Build.0 = Debug|Any CPU
		{28300362-ACAA-4204-829F-658A279F524A}.Release|Any CPU.ActiveCfg = Release|Any CPU
		{28300362-ACAA-4204-829F-658A279F524A}.Release|Any CPU.Build.0 = Release|Any CPU
	EndGlobalSection
	GlobalSection(SolutionProperties) = preSolution
		HideSolutionNode = FALSE
	EndGlobalSection
	GlobalSection(ExtensibilityGlobals) = postSolution
		SolutionGuid = {3B6B373E-756A-42DF-AE8B-7DAE9DDB4F4B}
	EndGlobalSection
EndGlobal
